# THIS IS AN AUTOGENERATED FILE. DO NOT EDIT THIS FILE DIRECTLY.
# yarn lockfile v1


"@babel/code-frame@7.0.0-beta.52":
  version "7.0.0-beta.52"
  resolved "https://registry.yarnpkg.com/@babel/code-frame/-/code-frame-7.0.0-beta.52.tgz#192483bfa0d1e467c101571c21029ccb74af2801"
  dependencies:
    "@babel/highlight" "7.0.0-beta.52"

"@babel/generator@7.0.0-beta.52", "@babel/generator@^7.0.0-beta.52":
  version "7.0.0-beta.52"
  resolved "https://registry.yarnpkg.com/@babel/generator/-/generator-7.0.0-beta.52.tgz#26968f12fad818cd974c849b286b437e1e8ccd91"
  dependencies:
    "@babel/types" "7.0.0-beta.52"
    jsesc "^2.5.1"
    lodash "^4.17.5"
    source-map "^0.5.0"
    trim-right "^1.0.1"

"@babel/helper-function-name@7.0.0-beta.52":
  version "7.0.0-beta.52"
  resolved "https://registry.yarnpkg.com/@babel/helper-function-name/-/helper-function-name-7.0.0-beta.52.tgz#a867a58ff571b25772b2d799b32866058573c450"
  dependencies:
    "@babel/helper-get-function-arity" "7.0.0-beta.52"
    "@babel/template" "7.0.0-beta.52"
    "@babel/types" "7.0.0-beta.52"

"@babel/helper-get-function-arity@7.0.0-beta.52":
  version "7.0.0-beta.52"
  resolved "https://registry.yarnpkg.com/@babel/helper-get-function-arity/-/helper-get-function-arity-7.0.0-beta.52.tgz#1c0cda58e0b75f45e92eafbd8fe189a4eee92b74"
  dependencies:
    "@babel/types" "7.0.0-beta.52"

"@babel/helper-split-export-declaration@7.0.0-beta.52":
  version "7.0.0-beta.52"
  resolved "https://registry.yarnpkg.com/@babel/helper-split-export-declaration/-/helper-split-export-declaration-7.0.0-beta.52.tgz#4aac4f30ea6384af3676e04b5246727632e460df"
  dependencies:
    "@babel/types" "7.0.0-beta.52"

"@babel/highlight@7.0.0-beta.52":
  version "7.0.0-beta.52"
  resolved "https://registry.yarnpkg.com/@babel/highlight/-/highlight-7.0.0-beta.52.tgz#ef24931432f06155e7bc39cdb8a6b37b4a28b3d0"
  dependencies:
    chalk "^2.0.0"
    esutils "^2.0.2"
    js-tokens "^3.0.0"

"@babel/parser@7.0.0-beta.52", "@babel/parser@^7.0.0-beta.52":
  version "7.0.0-beta.52"
  resolved "https://registry.yarnpkg.com/@babel/parser/-/parser-7.0.0-beta.52.tgz#4e935b62cd9bf872bd37bcf1f63d82fe7b0237a2"

"@babel/template@7.0.0-beta.52":
  version "7.0.0-beta.52"
  resolved "https://registry.yarnpkg.com/@babel/template/-/template-7.0.0-beta.52.tgz#44e18fac38251f57f92511d6748f095ab02f996e"
  dependencies:
    "@babel/code-frame" "7.0.0-beta.52"
    "@babel/parser" "7.0.0-beta.52"
    "@babel/types" "7.0.0-beta.52"
    lodash "^4.17.5"

"@babel/traverse@^7.0.0-beta.52":
  version "7.0.0-beta.52"
  resolved "https://registry.yarnpkg.com/@babel/traverse/-/traverse-7.0.0-beta.52.tgz#9b8ba994f7264d9847858ad2feecc2738c5e2ef3"
  dependencies:
    "@babel/code-frame" "7.0.0-beta.52"
    "@babel/generator" "7.0.0-beta.52"
    "@babel/helper-function-name" "7.0.0-beta.52"
    "@babel/helper-split-export-declaration" "7.0.0-beta.52"
    "@babel/parser" "7.0.0-beta.52"
    "@babel/types" "7.0.0-beta.52"
    debug "^3.1.0"
    globals "^11.1.0"
    invariant "^2.2.0"
    lodash "^4.17.5"

"@babel/types@7.0.0-beta.52", "@babel/types@^7.0.0-beta.52":
  version "7.0.0-beta.52"
  resolved "https://registry.yarnpkg.com/@babel/types/-/types-7.0.0-beta.52.tgz#a3e5620b1534b253a50abcf2222b520e23b16da2"
  dependencies:
    esutils "^2.0.2"
    lodash "^4.17.5"
    to-fast-properties "^2.0.0"

ansi-styles@^3.2.1:
  version "3.2.1"
  resolved "https://registry.yarnpkg.com/ansi-styles/-/ansi-styles-3.2.1.tgz#41fbb20243e50b12be0f04b8dedbf07520ce841d"
  dependencies:
    color-convert "^1.9.0"

chalk@^2.0.0:
  version "2.4.1"
  resolved "https://registry.yarnpkg.com/chalk/-/chalk-2.4.1.tgz#18c49ab16a037b6eb0152cc83e3471338215b66e"
  dependencies:
    ansi-styles "^3.2.1"
    escape-string-regexp "^1.0.5"
    supports-color "^5.3.0"

color-convert@^1.9.0:
  version "1.9.2"
  resolved "https://registry.yarnpkg.com/color-convert/-/color-convert-1.9.2.tgz#49881b8fba67df12a96bdf3f56c0aab9e7913147"
  dependencies:
    color-name "1.1.1"

color-name@1.1.1:
  version "1.1.1"
  resolved "https://registry.yarnpkg.com/color-name/-/color-name-1.1.1.tgz#4b1415304cf50028ea81643643bd82ea05803689"

debug@^3.1.0:
  version "3.1.0"
  resolved "https://registry.yarnpkg.com/debug/-/debug-3.1.0.tgz#5bb5a0672628b64149566ba16819e61518c67261"
  dependencies:
    ms "2.0.0"

escape-string-regexp@^1.0.5:
  version "1.0.5"
  resolved "https://registry.yarnpkg.com/escape-string-regexp/-/escape-string-regexp-1.0.5.tgz#1b61c0562190a8dff6ae3bb2cf0200ca130b86d4"

esutils@^2.0.2:
  version "2.0.2"
  resolved "https://registry.yarnpkg.com/esutils/-/esutils-2.0.2.tgz#0abf4f1caa5bcb1f7a9d8acc6dea4faaa04bac9b"

fs-extra@^6.0.1:
  version "6.0.1"
  resolved "https://registry.yarnpkg.com/fs-extra/-/fs-extra-6.0.1.tgz#8abc128f7946e310135ddc93b98bddb410e7a34b"
  dependencies:
    graceful-fs "^4.1.2"
    jsonfile "^4.0.0"
    universalify "^0.1.0"

globals@^11.1.0:
  version "11.7.0"
  resolved "https://registry.yarnpkg.com/globals/-/globals-11.7.0.tgz#a583faa43055b1aca771914bf68258e2fc125673"

graceful-fs@^4.1.2, graceful-fs@^4.1.6, graceful-fs@^4.1.9:
  version "4.1.11"
  resolved "https://registry.yarnpkg.com/graceful-fs/-/graceful-fs-4.1.11.tgz#0e8bdfe4d1ddb8854d64e04ea7c00e2a026e5658"

has-flag@^3.0.0:
  version "3.0.0"
  resolved "https://registry.yarnpkg.com/has-flag/-/has-flag-3.0.0.tgz#b5d454dc2199ae225699f3467e5a07f3b955bafd"

invariant@^2.2.0:
  version "2.2.4"
  resolved "https://registry.yarnpkg.com/invariant/-/invariant-2.2.4.tgz#610f3c92c9359ce1db616e538008d23ff35158e6"
  dependencies:
    loose-envify "^1.0.0"

js-tokens@^3.0.0:
  version "3.0.2"
  resolved "https://registry.yarnpkg.com/js-tokens/-/js-tokens-3.0.2.tgz#9866df395102130e38f7f996bceb65443209c25b"

jsesc@^2.5.1:
  version "2.5.1"
  resolved "https://registry.yarnpkg.com/jsesc/-/jsesc-2.5.1.tgz#e421a2a8e20d6b0819df28908f782526b96dd1fe"

jsonfile@^4.0.0:
  version "4.0.0"
  resolved "https://registry.yarnpkg.com/jsonfile/-/jsonfile-4.0.0.tgz#8771aae0799b64076b76640fca058f9c10e33ecb"
  optionalDependencies:
    graceful-fs "^4.1.6"

klaw@^2.1.1:
  version "2.1.1"
  resolved "https://registry.yarnpkg.com/klaw/-/klaw-2.1.1.tgz#42b76894701169cc910fd0d19ce677b5fb378af1"
  dependencies:
    graceful-fs "^4.1.9"

lodash@^4.17.5:
  version "4.17.10"
  resolved "https://registry.yarnpkg.com/lodash/-/lodash-4.17.10.tgz#1b7793cf7259ea38fb3661d4d38b3260af8ae4e7"

loose-envify@^1.0.0:
  version "1.3.1"
  resolved "https://registry.yarnpkg.com/loose-envify/-/loose-envify-1.3.1.tgz#d1a8ad33fa9ce0e713d65fdd0ac8b748d478c848"
  dependencies:
    js-tokens "^3.0.0"

ms@2.0.0:
  version "2.0.0"
  resolved "https://registry.yarnpkg.com/ms/-/ms-2.0.0.tgz#5608aeadfc00be6c2901df5f9861788de0d597c8"

source-map@^0.5.0:
  version "0.5.7"
  resolved "https://registry.yarnpkg.com/source-map/-/source-map-0.5.7.tgz#8a039d2d1021d22d1ea14c80d8ea468ba2ef3fcc"

supports-color@^5.3.0:
  version "5.4.0"
  resolved "https://registry.yarnpkg.com/supports-color/-/supports-color-5.4.0.tgz#1c6b337402c2137605efe19f10fec390f6faab54"
  dependencies:
    has-flag "^3.0.0"

to-fast-properties@^2.0.0:
  version "2.0.0"
  resolved "https://registry.yarnpkg.com/to-fast-properties/-/to-fast-properties-2.0.0.tgz#dc5e698cbd079265bc73e0377681a4e4e83f616e"

trim-right@^1.0.1:
  version "1.0.1"
  resolved "https://registry.yarnpkg.com/trim-right/-/trim-right-1.0.1.tgz#cb2e1203067e0c8de1f614094b9fe45704ea6003"

universalify@^0.1.0:
  version "0.1.2"
  resolved "https://registry.yarnpkg.com/universalify/-/universalify-0.1.2.tgz#b646f69be3942dabcecc9d6639c80dc105efaa66"
